
Microsoft Visual Studio Solution File, Format Version 12.00
# Visual Studio Version 17
VisualStudioVersion = 17.3.32929.385
MinimumVisualStudioVersion = 10.0.40219.1
Project("{FAE04EC0-301F-11D3-BF4B-00C04F79EFBC}") = "discreteprefect", "D:\discreteprefect\discreteprefect.csproj", "{72BACD57-3D14-45C3-8843-75952B99574E}"
EndProject
Global
	GlobalSection(SolutionConfigurationPlatforms) = preSolution
		Debug|Any CPU = Debug|Any CPU
		Release|Any CPU = Release|Any CPU
	EndGlobalSection
	GlobalSection(ProjectConfigurationPlatforms) = postSolution
		{72BACD57-3D14-45C3-8843-75952B99574E}.Debug|Any CPU.ActiveCfg = Debug|Any CPU
		{72BACD57-3D14-45C3-8843-75952B99574E}.Debug|Any CPU.Build.0 = Debug|Any CPU
		{72BACD57-3D14-45C3-8843-75952B99574E}.Release|Any CPU.ActiveCfg = Release|Any CPU
		{72BACD57-3D14-45C3-8843-75952B99574E}.Release|Any CPU.Build.0 = Release|Any CPU
	EndGlobalSection
	GlobalSection(SolutionProperties) = preSolution
		HideSolutionNode = FALSE
	EndGlobalSection
	GlobalSection(ExtensibilityGlobals) = postSolution
		SolutionGuid = {9DDA5D3F-FB26-4818-90AF-DC9E7137421C}
	EndGlobalSection
EndGlobal
